// !$*UTF8*$!
{
	archiveVersion = 1;
	classes = {
	};
	objectVersion = 55;
	objects = {

/* Begin PBXBuildFile section */
		591D49FB284E027400324BE3 /* AppDelegate.swift in Sources */ = {isa = PBXBuildFile; fileRef = 591D49FA284E027400324BE3 /* AppDelegate.swift */; };
		591D4A04284E027600324BE3 /* Assets.xcassets in Resources */ = {isa = PBXBuildFile; fileRef = 591D4A03284E027600324BE3 /* Assets.xcassets */; };
		591D4A07284E027600324BE3 /* LaunchScreen.storyboard in Resources */ = {isa = PBXBuildFile; fileRef = 591D4A05284E027600324BE3 /* LaunchScreen.storyboard */; };
		591D4A13284E112100324BE3 /* MainTabBarController.swift in Sources */ = {isa = PBXBuildFile; fileRef = 591D4A12284E112100324BE3 /* MainTabBarController.swift */; };
		591D4A17284E118F00324BE3 /* PhotosCollectionViewController.swift in Sources */ = {isa = PBXBuildFile; fileRef = 591D4A16284E118F00324BE3 /* PhotosCollectionViewController.swift */; };
		591D4A19284E11DB00324BE3 /* LikedListViewController.swift in Sources */ = {isa = PBXBuildFile; fileRef = 591D4A18284E11DB00324BE3 /* LikedListViewController.swift */; };
		591D4A1B284E1AFC00324BE3 /* DetailsViewController.swift in Sources */ = {isa = PBXBuildFile; fileRef = 591D4A1A284E1AFC00324BE3 /* DetailsViewController.swift */; };
		591D4A1E284E358000324BE3 /* NetworkManager.swift in Sources */ = {isa = PBXBuildFile; fileRef = 591D4A1D284E358000324BE3 /* NetworkManager.swift */; };
		591D4A26284E433300324BE3 /* APIConstant.swift in Sources */ = {isa = PBXBuildFile; fileRef = 591D4A25284E433300324BE3 /* APIConstant.swift */; };
		591D4A28284E436A00324BE3 /* APIUrls.swift in Sources */ = {isa = PBXBuildFile; fileRef = 591D4A27284E436A00324BE3 /* APIUrls.swift */; };
		591D4A2B284E4B1E00324BE3 /* PhotoModel.swift in Sources */ = {isa = PBXBuildFile; fileRef = 591D4A2A284E4B1E00324BE3 /* PhotoModel.swift */; };
		591D4A2E284EA79600324BE3 /* PhotosCell.swift in Sources */ = {isa = PBXBuildFile; fileRef = 591D4A2D284EA79600324BE3 /* PhotosCell.swift */; };
		591D4A33284F6B2E00324BE3 /* LikedPhotosCell.swift in Sources */ = {isa = PBXBuildFile; fileRef = 591D4A32284F6B2E00324BE3 /* LikedPhotosCell.swift */; };
		591D4A35284F9B6E00324BE3 /* StorageManager.swift in Sources */ = {isa = PBXBuildFile; fileRef = 591D4A34284F9B6E00324BE3 /* StorageManager.swift */; };
		591D4A37284F9C2600324BE3 /* UserDefaults + Extension.swift in Sources */ = {isa = PBXBuildFile; fileRef = 591D4A36284F9C2600324BE3 /* UserDefaults + Extension.swift */; };
		C02B82D7C2D3B6324DD7A26B /* Pods_PhotoViewer.framework in Frameworks */ = {isa = PBXBuildFile; fileRef = 271C94A87F8DF5696A5D2A95 /* Pods_PhotoViewer.framework */; };
/* End PBXBuildFile section */

/* Begin PBXFileReference section */
		271C94A87F8DF5696A5D2A95 /* Pods_PhotoViewer.framework */ = {isa = PBXFileReference; explicitFileType = wrapper.framework; includeInIndex = 0; path = Pods_PhotoViewer.framework; sourceTree = BUILT_PRODUCTS_DIR; };
		58F71DC951DB8532CEEB1119 /* Pods-PhotoViewer.release.xcconfig */ = {isa = PBXFileReference; includeInIndex = 1; lastKnownFileType = text.xcconfig; name = "Pods-PhotoViewer.release.xcconfig"; path = "Target Support Files/Pods-PhotoViewer/Pods-PhotoViewer.release.xcconfig"; sourceTree = "<group>"; };
		591D49F7284E027400324BE3 /* PhotoViewer.app */ = {isa = PBXFileReference; explicitFileType = wrapper.application; includeInIndex = 0; path = PhotoViewer.app; sourceTree = BUILT_PRODUCTS_DIR; };
		591D49FA284E027400324BE3 /* AppDelegate.swift */ = {isa = PBXFileReference; lastKnownFileType = sourcecode.swift; path = AppDelegate.swift; sourceTree = "<group>"; };
		591D4A03284E027600324BE3 /* Assets.xcassets */ = {isa = PBXFileReference; lastKnownFileType = folder.assetcatalog; path = Assets.xcassets; sourceTree = "<group>"; };
		591D4A06284E027600324BE3 /* Base */ = {isa = PBXFileReference; lastKnownFileType = file.storyboard; name = Base; path = Base.lproj/LaunchScreen.storyboard; sourceTree = "<group>"; };
		591D4A08284E027600324BE3 /* Info.plist */ = {isa = PBXFileReference; lastKnownFileType = text.plist.xml; path = Info.plist; sourceTree = "<group>"; };
		591D4A12284E112100324BE3 /* MainTabBarController.swift */ = {isa = PBXFileReference; lastKnownFileType = sourcecode.swift; path = MainTabBarController.swift; sourceTree = "<group>"; };
		591D4A16284E118F00324BE3 /* PhotosCollectionViewController.swift */ = {isa = PBXFileReference; lastKnownFileType = sourcecode.swift; path = PhotosCollectionViewController.swift; sourceTree = "<group>"; };
		591D4A18284E11DB00324BE3 /* LikedListViewController.swift */ = {isa = PBXFileReference; lastKnownFileType = sourcecode.swift; path = LikedListViewController.swift; sourceTree = "<group>"; };
		591D4A1A284E1AFC00324BE3 /* DetailsViewController.swift */ = {isa = PBXFileReference; lastKnownFileType = sourcecode.swift; path = DetailsViewController.swift; sourceTree = "<group>"; };
		591D4A1D284E358000324BE3 /* NetworkManager.swift */ = {isa = PBXFileReference; lastKnownFileType = sourcecode.swift; path = NetworkManager.swift; sourceTree = "<group>"; };
		591D4A25284E433300324BE3 /* APIConstant.swift */ = {isa = PBXFileReference; lastKnownFileType = sourcecode.swift; path = APIConstant.swift; sourceTree = "<group>"; };
		591D4A27284E436A00324BE3 /* APIUrls.swift */ = {isa = PBXFileReference; lastKnownFileType = sourcecode.swift; path = APIUrls.swift; sourceTree = "<group>"; };
		591D4A2A284E4B1E00324BE3 /* PhotoModel.swift */ = {isa = PBXFileReference; lastKnownFileType = sourcecode.swift; path = PhotoModel.swift; sourceTree = "<group>"; };
		591D4A2D284EA79600324BE3 /* PhotosCell.swift */ = {isa = PBXFileReference; lastKnownFileType = sourcecode.swift; path = PhotosCell.swift; sourceTree = "<group>"; };
		591D4A32284F6B2E00324BE3 /* LikedPhotosCell.swift */ = {isa = PBXFileReference; lastKnownFileType = sourcecode.swift; path = LikedPhotosCell.swift; sourceTree = "<group>"; };
		591D4A34284F9B6E00324BE3 /* StorageManager.swift */ = {isa = PBXFileReference; lastKnownFileType = sourcecode.swift; path = StorageManager.swift; sourceTree = "<group>"; };
		591D4A36284F9C2600324BE3 /* UserDefaults + Extension.swift */ = {isa = PBXFileReference; lastKnownFileType = sourcecode.swift; path = "UserDefaults + Extension.swift"; sourceTree = "<group>"; };
		AE68DC497A98E59B90607460 /* Pods-PhotoViewer.debug.xcconfig */ = {isa = PBXFileReference; includeInIndex = 1; lastKnownFileType = text.xcconfig; name = "Pods-PhotoViewer.debug.xcconfig"; path = "Target Support Files/Pods-PhotoViewer/Pods-PhotoViewer.debug.xcconfig"; sourceTree = "<group>"; };
/* End PBXFileReference section */

/* Begin PBXFrameworksBuildPhase section */
		591D49F4284E027400324BE3 /* Frameworks */ = {
			isa = PBXFrameworksBuildPhase;
			buildActionMask = 2147483647;
			files = (
				C02B82D7C2D3B6324DD7A26B /* Pods_PhotoViewer.framework in Frameworks */,
			);
			runOnlyForDeploymentPostprocessing = 0;
		};
/* End PBXFrameworksBuildPhase section */

/* Begin PBXGroup section */
		4D7A27618B4B87E4BED29E74 /* Pods */ = {
			isa = PBXGroup;
			children = (
				AE68DC497A98E59B90607460 /* Pods-PhotoViewer.debug.xcconfig */,
				58F71DC951DB8532CEEB1119 /* Pods-PhotoViewer.release.xcconfig */,
			);
			path = Pods;
			sourceTree = "<group>";
		};
		591D49EE284E027400324BE3 = {
			isa = PBXGroup;
			children = (
				591D49F9284E027400324BE3 /* PhotoViewer */,
				591D49F8284E027400324BE3 /* Products */,
				4D7A27618B4B87E4BED29E74 /* Pods */,
				786D6CD4C95BB85C8041EEE7 /* Frameworks */,
			);
			sourceTree = "<group>";
		};
		591D49F8284E027400324BE3 /* Products */ = {
			isa = PBXGroup;
			children = (
				591D49F7284E027400324BE3 /* PhotoViewer.app */,
			);
			name = Products;
			sourceTree = "<group>";
		};
		591D49F9284E027400324BE3 /* PhotoViewer */ = {
			isa = PBXGroup;
			children = (
				591D4A0F284E10EA00324BE3 /* ViewControllers */,
				591D4A2C284EA77300324BE3 /* Views */,
				591D4A29284E4A0700324BE3 /* Models */,
				591D4A24284E431100324BE3 /* API */,
				591D4A1C284E356E00324BE3 /* Services */,
				591D4A10284E10F800324BE3 /* Resources */,
				591D4A0E284E10C400324BE3 /* SupportFiles */,
				591D4A11284E110800324BE3 /* Storyboards */,
			);
			path = PhotoViewer;
			sourceTree = "<group>";
		};
		591D4A0E284E10C400324BE3 /* SupportFiles */ = {
			isa = PBXGroup;
			children = (
				591D49FA284E027400324BE3 /* AppDelegate.swift */,
				591D4A08284E027600324BE3 /* Info.plist */,
			);
			path = SupportFiles;
			sourceTree = "<group>";
		};
		591D4A0F284E10EA00324BE3 /* ViewControllers */ = {
			isa = PBXGroup;
			children = (
				591D4A12284E112100324BE3 /* MainTabBarController.swift */,
				591D4A16284E118F00324BE3 /* PhotosCollectionViewController.swift */,
				591D4A18284E11DB00324BE3 /* LikedListViewController.swift */,
				591D4A1A284E1AFC00324BE3 /* DetailsViewController.swift */,
			);
			path = ViewControllers;
			sourceTree = "<group>";
		};
		591D4A10284E10F800324BE3 /* Resources */ = {
			isa = PBXGroup;
			children = (
				591D4A03284E027600324BE3 /* Assets.xcassets */,
			);
			path = Resources;
			sourceTree = "<group>";
		};
		591D4A11284E110800324BE3 /* Storyboards */ = {
			isa = PBXGroup;
			children = (
				591D4A05284E027600324BE3 /* LaunchScreen.storyboard */,
			);
			path = Storyboards;
			sourceTree = "<group>";
		};
		591D4A1C284E356E00324BE3 /* Services */ = {
			isa = PBXGroup;
			children = (
				591D4A1D284E358000324BE3 /* NetworkManager.swift */,
				591D4A34284F9B6E00324BE3 /* StorageManager.swift */,
				591D4A36284F9C2600324BE3 /* UserDefaults + Extension.swift */,
			);
			path = Services;
			sourceTree = "<group>";
		};
		591D4A24284E431100324BE3 /* API */ = {
			isa = PBXGroup;
			children = (
				591D4A25284E433300324BE3 /* APIConstant.swift */,
				591D4A27284E436A00324BE3 /* APIUrls.swift */,
			);
			path = API;
			sourceTree = "<group>";
		};
		591D4A29284E4A0700324BE3 /* Models */ = {
			isa = PBXGroup;
			children = (
				591D4A2A284E4B1E00324BE3 /* PhotoModel.swift */,
			);
			path = Models;
			sourceTree = "<group>";
		};
		591D4A2C284EA77300324BE3 /* Views */ = {
			isa = PBXGroup;
			children = (
				591D4A2D284EA79600324BE3 /* PhotosCell.swift */,
				591D4A32284F6B2E00324BE3 /* LikedPhotosCell.swift */,
			);
			path = Views;
			sourceTree = "<group>";
		};
		786D6CD4C95BB85C8041EEE7 /* Frameworks */ = {
			isa = PBXGroup;
			children = (
				271C94A87F8DF5696A5D2A95 /* Pods_PhotoViewer.framework */,
			);
			name = Frameworks;
			sourceTree = "<group>";
		};
/* End PBXGroup section */

/* Begin PBXNativeTarget section */
		591D49F6284E027400324BE3 /* PhotoViewer */ = {
			isa = PBXNativeTarget;
			buildConfigurationList = 591D4A0B284E027600324BE3 /* Build configuration list for PBXNativeTarget "PhotoViewer" */;
			buildPhases = (
				499975C41358BDEC28513895 /* [CP] Check Pods Manifest.lock */,
				591D49F3284E027400324BE3 /* Sources */,
				591D49F4284E027400324BE3 /* Frameworks */,
				591D49F5284E027400324BE3 /* Resources */,
				A681541A509EA797B138CA81 /* [CP] Embed Pods Frameworks */,
			);
			buildRules = (
			);
			dependencies = (
			);
			name = PhotoViewer;
			productName = PhotoViewer;
			productReference = 591D49F7284E027400324BE3 /* PhotoViewer.app */;
			productType = "com.apple.product-type.application";
		};
/* End PBXNativeTarget section */

/* Begin PBXProject section */
		591D49EF284E027400324BE3 /* Project object */ = {
			isa = PBXProject;
			attributes = {
				BuildIndependentTargetsInParallel = 1;
				LastSwiftUpdateCheck = 1320;
				LastUpgradeCheck = 1320;
				TargetAttributes = {
					591D49F6284E027400324BE3 = {
						CreatedOnToolsVersion = 13.2.1;
					};
				};
			};
			buildConfigurationList = 591D49F2284E027400324BE3 /* Build configuration list for PBXProject "PhotoViewer" */;
			compatibilityVersion = "Xcode 13.0";
			developmentRegion = en;
			hasScannedForEncodings = 0;
			knownRegions = (
				en,
				Base,
			);
			mainGroup = 591D49EE284E027400324BE3;
			productRefGroup = 591D49F8284E027400324BE3 /* Products */;
			projectDirPath = "";
			projectRoot = "";
			targets = (
				591D49F6284E027400324BE3 /* PhotoViewer */,
			);
		};
/* End PBXProject section */

/* Begin PBXResourcesBuildPhase section */
		591D49F5284E027400324BE3 /* Resources */ = {
			isa = PBXResourcesBuildPhase;
			buildActionMask = 2147483647;
			files = (
				591D4A07284E027600324BE3 /* LaunchScreen.storyboard in Resources */,
				591D4A04284E027600324BE3 /* Assets.xcassets in Resources */,
			);
			runOnlyForDeploymentPostprocessing = 0;
		};
/* End PBXResourcesBuildPhase section */

/* Begin PBXShellScriptBuildPhase section */
		499975C41358BDEC28513895 /* [CP] Check Pods Manifest.lock */ = {
			isa = PBXShellScriptBuildPhase;
			buildActionMask = 2147483647;
			files = (
			);
			inputFileListPaths = (
			);
			inputPaths = (
				"${PODS_PODFILE_DIR_PATH}/Podfile.lock",
				"${PODS_ROOT}/Manifest.lock",
			);
			name = "[CP] Check Pods Manifest.lock";
			outputFileListPaths = (
			);
			outputPaths = (
				"$(DERIVED_FILE_DIR)/Pods-PhotoViewer-checkManifestLockResult.txt",
			);
			runOnlyForDeploymentPostprocessing = 0;
			shellPath = /bin/sh;
			shellScript = "diff \"${PODS_PODFILE_DIR_PATH}/Podfile.lock\" \"${PODS_ROOT}/Manifest.lock\" > /dev/null\nif [ $? != 0 ] ; then\n    # print error to STDERR\n    echo \"error: The sandbox is not in sync with the Podfile.lock. Run 'pod install' or update your CocoaPods installation.\" >&2\n    exit 1\nfi\n# This output is used by Xcode 'outputs' to avoid re-running this script phase.\necho \"SUCCESS\" > \"${SCRIPT_OUTPUT_FILE_0}\"\n";
			showEnvVarsInLog = 0;
		};
		A681541A509EA797B138CA81 /* [CP] Embed Pods Frameworks */ = {
			isa = PBXShellScriptBuildPhase;
			buildActionMask = 2147483647;
			files = (
			);
			inputFileListPaths = (
				"${PODS_ROOT}/Target Support Files/Pods-PhotoViewer/Pods-PhotoViewer-frameworks-${CONFIGURATION}-input-files.xcfilelist",
			);
			name = "[CP] Embed Pods Frameworks";
			outputFileListPaths = (
				"${PODS_ROOT}/Target Support Files/Pods-PhotoViewer/Pods-PhotoViewer-frameworks-${CONFIGURATION}-output-files.xcfilelist",
			);
			runOnlyForDeploymentPostprocessing = 0;
			shellPath = /bin/sh;
			shellScript = "\"${PODS_ROOT}/Target Support Files/Pods-PhotoViewer/Pods-PhotoViewer-frameworks.sh\"\n";
			showEnvVarsInLog = 0;
		};
/* End PBXShellScriptBuildPhase section */

/* Begin PBXSourcesBuildPhase section */
		591D49F3284E027400324BE3 /* Sources */ = {
			isa = PBXSourcesBuildPhase;
			buildActionMask = 2147483647;
			files = (
				591D4A1E284E358000324BE3 /* NetworkManager.swift in Sources */,
				591D4A26284E433300324BE3 /* APIConstant.swift in Sources */,
				591D4A33284F6B2E00324BE3 /* LikedPhotosCell.swift in Sources */,
				591D4A35284F9B6E00324BE3 /* StorageManager.swift in Sources */,
				591D49FB284E027400324BE3 /* AppDelegate.swift in Sources */,
				591D4A37284F9C2600324BE3 /* UserDefaults + Extension.swift in Sources */,
				591D4A13284E112100324BE3 /* MainTabBarController.swift in Sources */,
				591D4A19284E11DB00324BE3 /* LikedListViewController.swift in Sources */,
				591D4A28284E436A00324BE3 /* APIUrls.swift in Sources */,
				591D4A17284E118F00324BE3 /* PhotosCollectionViewController.swift in Sources */,
				591D4A2B284E4B1E00324BE3 /* PhotoModel.swift in Sources */,
				591D4A2E284EA79600324BE3 /* PhotosCell.swift in Sources */,
				591D4A1B284E1AFC00324BE3 /* DetailsViewController.swift in Sources */,
			);
			runOnlyForDeploymentPostprocessing = 0;
		};
/* End PBXSourcesBuildPhase section */

/* Begin PBXVariantGroup section */
		591D4A05284E027600324BE3 /* LaunchScreen.storyboard */ = {
			isa = PBXVariantGroup;
			children = (
				591D4A06284E027600324BE3 /* Base */,
			);
			name = LaunchScreen.storyboard;
			sourceTree = "<group>";
		};
/* End PBXVariantGroup section */

/* Begin XCBuildConfiguration section */
		591D4A09284E027600324BE3 /* Debug */ = {
			isa = XCBuildConfiguration;
			buildSettings = {
				ALWAYS_SEARCH_USER_PATHS = NO;
				CLANG_ANALYZER_NONNULL = YES;
				CLANG_ANALYZER_NUMBER_OBJECT_CONVERSION = YES_AGGRESSIVE;
				CLANG_CXX_LANGUAGE_STANDARD = "gnu++17";
				CLANG_CXX_LIBRARY = "libc++";
				CLANG_ENABLE_MODULES = YES;
				CLANG_ENABLE_OBJC_ARC = YES;
				CLANG_ENABLE_OBJC_WEAK = YES;
				CLANG_WARN_BLOCK_CAPTURE_AUTORELEASING = YES;
				CLANG_WARN_BOOL_CONVERSION = YES;
				CLANG_WARN_COMMA = YES;
				CLANG_WARN_CONSTANT_CONVERSION = YES;
				CLANG_WARN_DEPRECATED_OBJC_IMPLEMENTATIONS = YES;
				CLANG_WARN_DIRECT_OBJC_ISA_USAGE = YES_ERROR;
				CLANG_WARN_DOCUMENTATION_COMMENTS = YES;
				CLANG_WARN_EMPTY_BODY = YES;
				CLANG_WARN_ENUM_CONVERSION = YES;
				CLANG_WARN_INFINITE_RECURSION = YES;
				CLANG_WARN_INT_CONVERSION = YES;
				CLANG_WARN_NON_LITERAL_NULL_CONVERSION = YES;
				CLANG_WARN_OBJC_IMPLICIT_RETAIN_SELF = YES;
				CLANG_WARN_OBJC_LITERAL_CONVERSION = YES;
				CLANG_WARN_OBJC_ROOT_CLASS = YES_ERROR;
				CLANG_WARN_QUOTED_INCLUDE_IN_FRAMEWORK_HEADER = YES;
				CLANG_WARN_RANGE_LOOP_ANALYSIS = YES;
				CLANG_WARN_STRICT_PROTOTYPES = YES;
				CLANG_WARN_SUSPICIOUS_MOVE = YES;
				CLANG_WARN_UNGUARDED_AVAILABILITY = YES_AGGRESSIVE;
				CLANG_WARN_UNREACHABLE_CODE = YES;
				CLANG_WARN__DUPLICATE_METHOD_MATCH = YES;
				COPY_PHASE_STRIP = NO;
				DEBUG_INFORMATION_FORMAT = dwarf;
				ENABLE_STRICT_OBJC_MSGSEND = YES;
				ENABLE_TESTABILITY = YES;
				GCC_C_LANGUAGE_STANDARD = gnu11;
				GCC_DYNAMIC_NO_PIC = NO;
				GCC_NO_COMMON_BLOCKS = YES;
				GCC_OPTIMIZATION_LEVEL = 0;
				GCC_PREPROCESSOR_DEFINITIONS = (
					"DEBUG=1",
					"$(inherited)",
				);
				GCC_WARN_64_TO_32_BIT_CONVERSION = YES;
				GCC_WARN_ABOUT_RETURN_TYPE = YES_ERROR;
				GCC_WARN_UNDECLARED_SELECTOR = YES;
				GCC_WARN_UNINITIALIZED_AUTOS = YES_AGGRESSIVE;
				GCC_WARN_UNUSED_FUNCTION = YES;
				GCC_WARN_UNUSED_VARIABLE = YES;
				IPHONEOS_DEPLOYMENT_TARGET = 15.2;
				MTL_ENABLE_DEBUG_INFO = INCLUDE_SOURCE;
				MTL_FAST_MATH = YES;
				ONLY_ACTIVE_ARCH = YES;
				SDKROOT = iphoneos;
				SWIFT_ACTIVE_COMPILATION_CONDITIONS = DEBUG;
				SWIFT_OPTIMIZATION_LEVEL = "-Onone";
			};
			name = Debug;
		};
		591D4A0A284E027600324BE3 /* Release */ = {
			isa = XCBuildConfiguration;
			buildSettings = {
				ALWAYS_SEARCH_USER_PATHS = NO;
				CLANG_ANALYZER_NONNULL = YES;
				CLANG_ANALYZER_NUMBER_OBJECT_CONVERSION = YES_AGGRESSIVE;
				CLANG_CXX_LANGUAGE_STANDARD = "gnu++17";
				CLANG_CXX_LIBRARY = "libc++";
				CLANG_ENABLE_MODULES = YES;
				CLANG_ENABLE_OBJC_ARC = YES;
				CLANG_ENABLE_OBJC_WEAK = YES;
				CLANG_WARN_BLOCK_CAPTURE_AUTORELEASING = YES;
				CLANG_WARN_BOOL_CONVERSION = YES;
				CLANG_WARN_COMMA = YES;
				CLANG_WARN_CONSTANT_CONVERSION = YES;
				CLANG_WARN_DEPRECATED_OBJC_IMPLEMENTATIONS = YES;
				CLANG_WARN_DIRECT_OBJC_ISA_USAGE = YES_ERROR;
				CLANG_WARN_DOCUMENTATION_COMMENTS = YES;
				CLANG_WARN_EMPTY_BODY = YES;
				CLANG_WARN_ENUM_CONVERSION = YES;
				CLANG_WARN_INFINITE_RECURSION = YES;
				CLANG_WARN_INT_CONVERSION = YES;
				CLANG_WARN_NON_LITERAL_NULL_CONVERSION = YES;
				CLANG_WARN_OBJC_IMPLICIT_RETAIN_SELF = YES;
				CLANG_WARN_OBJC_LITERAL_CONVERSION = YES;
				CLANG_WARN_OBJC_ROOT_CLASS = YES_ERROR;
				CLANG_WARN_QUOTED_INCLUDE_IN_FRAMEWORK_HEADER = YES;
				CLANG_WARN_RANGE_LOOP_ANALYSIS = YES;
				CLANG_WARN_STRICT_PROTOTYPES = YES;
				CLANG_WARN_SUSPICIOUS_MOVE = YES;
				CLANG_WARN_UNGUARDED_AVAILABILITY = YES_AGGRESSIVE;
				CLANG_WARN_UNREACHABLE_CODE = YES;
				CLANG_WARN__DUPLICATE_METHOD_MATCH = YES;
				COPY_PHASE_STRIP = NO;
				DEBUG_INFORMATION_FORMAT = "dwarf-with-dsym";
				ENABLE_NS_ASSERTIONS = NO;
				ENABLE_STRICT_OBJC_MSGSEND = YES;
				GCC_C_LANGUAGE_STANDARD = gnu11;
				GCC_NO_COMMON_BLOCKS = YES;
				GCC_WARN_64_TO_32_BIT_CONVERSION = YES;
				GCC_WARN_ABOUT_RETURN_TYPE = YES_ERROR;
				GCC_WARN_UNDECLARED_SELECTOR = YES;
				GCC_WARN_UNINITIALIZED_AUTOS = YES_AGGRESSIVE;
				GCC_WARN_UNUSED_FUNCTION = YES;
				GCC_WARN_UNUSED_VARIABLE = YES;
				IPHONEOS_DEPLOYMENT_TARGET = 15.2;
				MTL_ENABLE_DEBUG_INFO = NO;
				MTL_FAST_MATH = YES;
				SDKROOT = iphoneos;
				SWIFT_COMPILATION_MODE = wholemodule;
				SWIFT_OPTIMIZATION_LEVEL = "-O";
				VALIDATE_PRODUCT = YES;
			};
			name = Release;
		};
		591D4A0C284E027600324BE3 /* Debug */ = {
			isa = XCBuildConfiguration;
			baseConfigurationReference = AE68DC497A98E59B90607460 /* Pods-PhotoViewer.debug.xcconfig */;
			buildSettings = {
				ASSETCATALOG_COMPILER_APPICON_NAME = AppIcon;
				ASSETCATALOG_COMPILER_GLOBAL_ACCENT_COLOR_NAME = AccentColor;
				CODE_SIGN_STYLE = Automatic;
				CURRENT_PROJECT_VERSION = 1;
				DEVELOPMENT_TEAM = 4XK5S24922;
				GENERATE_INFOPLIST_FILE = YES;
				INFOPLIST_FILE = PhotoViewer/SupportFiles/Info.plist;
				INFOPLIST_KEY_UIApplicationSupportsIndirectInputEvents = YES;
				INFOPLIST_KEY_UILaunchStoryboardName = LaunchScreen;
				INFOPLIST_KEY_UISupportedInterfaceOrientations = UIInterfaceOrientationPortrait;
				INFOPLIST_KEY_UISupportedInterfaceOrientations_iPad = "UIInterfaceOrientationPortrait UIInterfaceOrientationPortraitUpsideDown UIInterfaceOrientationLandscapeLeft UIInterfaceOrientationLandscapeRight";
				INFOPLIST_KEY_UISupportedInterfaceOrientations_iPhone = "UIInterfaceOrientationPortrait UIInterfaceOrientationLandscapeLeft UIInterfaceOrientationLandscapeRight";
				LD_RUNPATH_SEARCH_PATHS = (
					"$(inherited)",
					"@executable_path/Frameworks",
				);
				MARKETING_VERSION = 1.0;
				PRODUCT_BUNDLE_IDENTIFIER = "Alexey-Kulish.PhotoViewer";
				PRODUCT_NAME = "$(TARGET_NAME)";
				SWIFT_EMIT_LOC_STRINGS = YES;
				SWIFT_VERSION = 5.0;
				TARGETED_DEVICE_FAMILY = "1,2";
			};
			name = Debug;
		};
		591D4A0D284E027600324BE3 /* Release */ = {
			isa = XCBuildConfiguration;
			baseConfigurationReference = 58F71DC951DB8532CEEB1119 /* Pods-PhotoViewer.release.xcconfig */;
			buildSettings = {
				ASSETCATALOG_COMPILER_APPICON_NAME = AppIcon;
				ASSETCATALOG_COMPILER_GLOBAL_ACCENT_COLOR_NAME = AccentColor;
				CODE_SIGN_STYLE = Automatic;
				CURRENT_PROJECT_VERSION = 1;
				DEVELOPMENT_TEAM = 4XK5S24922;
				GENERATE_INFOPLIST_FILE = YES;
				INFOPLIST_FILE = PhotoViewer/SupportFiles/Info.plist;
				INFOPLIST_KEY_UIApplicationSupportsIndirectInputEvents = YES;
				INFOPLIST_KEY_UILaunchStoryboardName = LaunchScreen;
				INFOPLIST_KEY_UISupportedInterfaceOrientations = UIInterfaceOrientationPortrait;
				INFOPLIST_KEY_UISupportedInterfaceOrientations_iPad = "UIInterfaceOrientationPortrait UIInterfaceOrientationPortraitUpsideDown UIInterfaceOrientationLandscapeLeft UIInterfaceOrientationLandscapeRight";
				INFOPLIST_KEY_UISupportedInterfaceOrientations_iPhone = "UIInterfaceOrientationPortrait UIInterfaceOrientationLandscapeLeft UIInterfaceOrientationLandscapeRight";
				LD_RUNPATH_SEARCH_PATHS = (
					"$(inherited)",
					"@executable_path/Frameworks",
				);
				MARKETING_VERSION = 1.0;
				PRODUCT_BUNDLE_IDENTIFIER = "Alexey-Kulish.PhotoViewer";
				PRODUCT_NAME = "$(TARGET_NAME)";
				SWIFT_EMIT_LOC_STRINGS = YES;
				SWIFT_VERSION = 5.0;
				TARGETED_DEVICE_FAMILY = "1,2";
			};
			name = Release;
		};
/* End XCBuildConfiguration section */

/* Begin XCConfigurationList section */
		591D49F2284E027400324BE3 /* Build configuration list for PBXProject "PhotoViewer" */ = {
			isa = XCConfigurationList;
			buildConfigurations = (
				591D4A09284E027600324BE3 /* Debug */,
				591D4A0A284E027600324BE3 /* Release */,
			);
			defaultConfigurationIsVisible = 0;
			defaultConfigurationName = Release;
		};
		591D4A0B284E027600324BE3 /* Build configuration list for PBXNativeTarget "PhotoViewer" */ = {
			isa = XCConfigurationList;
			buildConfigurations = (
				591D4A0C284E027600324BE3 /* Debug */,
				591D4A0D284E027600324BE3 /* Release */,
			);
			defaultConfigurationIsVisible = 0;
			defaultConfigurationName = Release;
		};
/* End XCConfigurationList section */
	};
	rootObject = 591D49EF284E027400324BE3 /* Project object */;
}
